// !$*UTF8*$!
{
	archiveVersion = 1;
	classes = {
	};
	objectVersion = 48;
	objects = {

/* Begin PBXBuildFile section */
		F3359436256A2B7400832551 /* AppDelegate.swift in Sources */ = {isa = PBXBuildFile; fileRef = F3359435256A2B7400832551 /* AppDelegate.swift */; };
		F3359438256A2B7400832551 /* SceneDelegate.swift in Sources */ = {isa = PBXBuildFile; fileRef = F3359437256A2B7400832551 /* SceneDelegate.swift */; };
		F335943A256A2B7400832551 /* ViewController.swift in Sources */ = {isa = PBXBuildFile; fileRef = F3359439256A2B7400832551 /* ViewController.swift */; };
		F335943D256A2B7400832551 /* Main.storyboard in Resources */ = {isa = PBXBuildFile; fileRef = F335943B256A2B7400832551 /* Main.storyboard */; };
		F335943F256A2B7D00832551 /* Assets.xcassets in Resources */ = {isa = PBXBuildFile; fileRef = F335943E256A2B7D00832551 /* Assets.xcassets */; };
		F3359442256A2B7D00832551 /* LaunchScreen.storyboard in Resources */ = {isa = PBXBuildFile; fileRef = F3359440256A2B7D00832551 /* LaunchScreen.storyboard */; };
		F335944D256A2B7D00832551 /* ChordViewerTests.swift in Sources */ = {isa = PBXBuildFile; fileRef = F335944C256A2B7D00832551 /* ChordViewerTests.swift */; };
		F3359458256A2B7D00832551 /* ChordViewerUITests.swift in Sources */ = {isa = PBXBuildFile; fileRef = F3359457256A2B7D00832551 /* ChordViewerUITests.swift */; };
		F33A95BF256E3BC20015EFF5 /* test.swift in Sources */ = {isa = PBXBuildFile; fileRef = F33A95BE256E3BC20015EFF5 /* test.swift */; };
/* End PBXBuildFile section */

/* Begin PBXContainerItemProxy section */
		F3359449256A2B7D00832551 /* PBXContainerItemProxy */ = {
			isa = PBXContainerItemProxy;
			containerPortal = F335942A256A2B7400832551 /* Project object */;
			proxyType = 1;
			remoteGlobalIDString = F3359431256A2B7400832551;
			remoteInfo = ChordViewer;
		};
		F3359454256A2B7D00832551 /* PBXContainerItemProxy */ = {
			isa = PBXContainerItemProxy;
			containerPortal = F335942A256A2B7400832551 /* Project object */;
			proxyType = 1;
			remoteGlobalIDString = F3359431256A2B7400832551;
			remoteInfo = ChordViewer;
		};
/* End PBXContainerItemProxy section */

/* Begin PBXFileReference section */
		F3359432256A2B7400832551 /* ChordViewer.app */ = {isa = PBXFileReference; explicitFileType = wrapper.application; includeInIndex = 0; path = ChordViewer.app; sourceTree = BUILT_PRODUCTS_DIR; };
		F3359435256A2B7400832551 /* AppDelegate.swift */ = {isa = PBXFileReference; lastKnownFileType = sourcecode.swift; path = AppDelegate.swift; sourceTree = "<group>"; };
		F3359437256A2B7400832551 /* SceneDelegate.swift */ = {isa = PBXFileReference; lastKnownFileType = sourcecode.swift; path = SceneDelegate.swift; sourceTree = "<group>"; };
		F3359439256A2B7400832551 /* ViewController.swift */ = {isa = PBXFileReference; lastKnownFileType = sourcecode.swift; path = ViewController.swift; sourceTree = "<group>"; };
		F335943C256A2B7400832551 /* Base */ = {isa = PBXFileReference; lastKnownFileType = file.storyboard; name = Base; path = Base.lproj/Main.storyboard; sourceTree = "<group>"; };
		F335943E256A2B7D00832551 /* Assets.xcassets */ = {isa = PBXFileReference; lastKnownFileType = folder.assetcatalog; path = Assets.xcassets; sourceTree = "<group>"; };
		F3359441256A2B7D00832551 /* Base */ = {isa = PBXFileReference; lastKnownFileType = file.storyboard; name = Base; path = Base.lproj/LaunchScreen.storyboard; sourceTree = "<group>"; };
		F3359443256A2B7D00832551 /* Info.plist */ = {isa = PBXFileReference; lastKnownFileType = text.plist.xml; path = Info.plist; sourceTree = "<group>"; };
		F3359448256A2B7D00832551 /* ChordViewerTests.xctest */ = {isa = PBXFileReference; explicitFileType = wrapper.cfbundle; includeInIndex = 0; path = ChordViewerTests.xctest; sourceTree = BUILT_PRODUCTS_DIR; };
		F335944C256A2B7D00832551 /* ChordViewerTests.swift */ = {isa = PBXFileReference; lastKnownFileType = sourcecode.swift; path = ChordViewerTests.swift; sourceTree = "<group>"; };
		F335944E256A2B7D00832551 /* Info.plist */ = {isa = PBXFileReference; lastKnownFileType = text.plist.xml; path = Info.plist; sourceTree = "<group>"; };
		F3359453256A2B7D00832551 /* ChordViewerUITests.xctest */ = {isa = PBXFileReference; explicitFileType = wrapper.cfbundle; includeInIndex = 0; path = ChordViewerUITests.xctest; sourceTree = BUILT_PRODUCTS_DIR; };
		F3359457256A2B7D00832551 /* ChordViewerUITests.swift */ = {isa = PBXFileReference; lastKnownFileType = sourcecode.swift; path = ChordViewerUITests.swift; sourceTree = "<group>"; };
		F3359459256A2B7D00832551 /* Info.plist */ = {isa = PBXFileReference; lastKnownFileType = text.plist.xml; path = Info.plist; sourceTree = "<group>"; };
		F33A95BE256E3BC20015EFF5 /* test.swift */ = {isa = PBXFileReference; lastKnownFileType = sourcecode.swift; path = test.swift; sourceTree = "<group>"; };
/* End PBXFileReference section */

/* Begin PBXFrameworksBuildPhase section */
		F335942F256A2B7400832551 /* Frameworks */ = {
			isa = PBXFrameworksBuildPhase;
			buildActionMask = 2147483647;
			files = (
			);
			runOnlyForDeploymentPostprocessing = 0;
		};
		F3359445256A2B7D00832551 /* Frameworks */ = {
			isa = PBXFrameworksBuildPhase;
			buildActionMask = 2147483647;
			files = (
			);
			runOnlyForDeploymentPostprocessing = 0;
		};
		F3359450256A2B7D00832551 /* Frameworks */ = {
			isa = PBXFrameworksBuildPhase;
			buildActionMask = 2147483647;
			files = (
			);
			runOnlyForDeploymentPostprocessing = 0;
		};
/* End PBXFrameworksBuildPhase section */

/* Begin PBXGroup section */
		F3359429256A2B7400832551 = {
			isa = PBXGroup;
			children = (
				F3359434256A2B7400832551 /* ChordViewer */,
				F335944B256A2B7D00832551 /* ChordViewerTests */,
				F3359456256A2B7D00832551 /* ChordViewerUITests */,
				F3359433256A2B7400832551 /* Products */,
			);
			sourceTree = "<group>";
		};
		F3359433256A2B7400832551 /* Products */ = {
			isa = PBXGroup;
			children = (
				F3359432256A2B7400832551 /* ChordViewer.app */,
				F3359448256A2B7D00832551 /* ChordViewerTests.xctest */,
				F3359453256A2B7D00832551 /* ChordViewerUITests.xctest */,
			);
			name = Products;
			sourceTree = "<group>";
		};
		F3359434256A2B7400832551 /* ChordViewer */ = {
			isa = PBXGroup;
			children = (
				F3359435256A2B7400832551 /* AppDelegate.swift */,
				F3359437256A2B7400832551 /* SceneDelegate.swift */,
				F3359439256A2B7400832551 /* ViewController.swift */,
				F335943B256A2B7400832551 /* Main.storyboard */,
				F335943E256A2B7D00832551 /* Assets.xcassets */,
				F3359440256A2B7D00832551 /* LaunchScreen.storyboard */,
				F3359443256A2B7D00832551 /* Info.plist */,
				F33A95BE256E3BC20015EFF5 /* test.swift */,
			);
			path = ChordViewer;
			sourceTree = "<group>";
		};
		F335944B256A2B7D00832551 /* ChordViewerTests */ = {
			isa = PBXGroup;
			children = (
				F335944C256A2B7D00832551 /* ChordViewerTests.swift */,
				F335944E256A2B7D00832551 /* Info.plist */,
			);
			path = ChordViewerTests;
			sourceTree = "<group>";
		};
		F3359456256A2B7D00832551 /* ChordViewerUITests */ = {
			isa = PBXGroup;
			children = (
				F3359457256A2B7D00832551 /* ChordViewerUITests.swift */,
				F3359459256A2B7D00832551 /* Info.plist */,
			);
			path = ChordViewerUITests;
			sourceTree = "<group>";
		};
/* End PBXGroup section */

/* Begin PBXNativeTarget section */
		F3359431256A2B7400832551 /* ChordViewer */ = {
			isa = PBXNativeTarget;
			buildConfigurationList = F335945C256A2B7D00832551 /* Build configuration list for PBXNativeTarget "ChordViewer" */;
			buildPhases = (
				F335942E256A2B7400832551 /* Sources */,
				F335942F256A2B7400832551 /* Frameworks */,
				F3359430256A2B7400832551 /* Resources */,
			);
			buildRules = (
			);
			dependencies = (
			);
			name = ChordViewer;
			productName = ChordViewer;
			productReference = F3359432256A2B7400832551 /* ChordViewer.app */;
			productType = "com.apple.product-type.application";
		};
		F3359447256A2B7D00832551 /* ChordViewerTests */ = {
			isa = PBXNativeTarget;
			buildConfigurationList = F335945F256A2B7D00832551 /* Build configuration list for PBXNativeTarget "ChordViewerTests" */;
			buildPhases = (
				F3359444256A2B7D00832551 /* Sources */,
				F3359445256A2B7D00832551 /* Frameworks */,
				F3359446256A2B7D00832551 /* Resources */,
			);
			buildRules = (
			);
			dependencies = (
				F335944A256A2B7D00832551 /* PBXTargetDependency */,
			);
			name = ChordViewerTests;
			productName = ChordViewerTests;
			productReference = F3359448256A2B7D00832551 /* ChordViewerTests.xctest */;
			productType = "com.apple.product-type.bundle.unit-test";
		};
		F3359452256A2B7D00832551 /* ChordViewerUITests */ = {
			isa = PBXNativeTarget;
			buildConfigurationList = F3359462256A2B7D00832551 /* Build configuration list for PBXNativeTarget "ChordViewerUITests" */;
			buildPhases = (
				F335944F256A2B7D00832551 /* Sources */,
				F3359450256A2B7D00832551 /* Frameworks */,
				F3359451256A2B7D00832551 /* Resources */,
			);
			buildRules = (
			);
			dependencies = (
				F3359455256A2B7D00832551 /* PBXTargetDependency */,
			);
			name = ChordViewerUITests;
			productName = ChordViewerUITests;
			productReference = F3359453256A2B7D00832551 /* ChordViewerUITests.xctest */;
			productType = "com.apple.product-type.bundle.ui-testing";
		};
/* End PBXNativeTarget section */

/* Begin PBXProject section */
		F335942A256A2B7400832551 /* Project object */ = {
			isa = PBXProject;
			attributes = {
				LastSwiftUpdateCheck = 1220;
				LastUpgradeCheck = 1220;
				TargetAttributes = {
					F3359431256A2B7400832551 = {
						CreatedOnToolsVersion = 12.2;
						ProvisioningStyle = Manual;
					};
					F3359447256A2B7D00832551 = {
						CreatedOnToolsVersion = 12.2;
						ProvisioningStyle = Automatic;
						TestTargetID = F3359431256A2B7400832551;
					};
					F3359452256A2B7D00832551 = {
						CreatedOnToolsVersion = 12.2;
						ProvisioningStyle = Automatic;
						TestTargetID = F3359431256A2B7400832551;
					};
				};
			};
			buildConfigurationList = F335942D256A2B7400832551 /* Build configuration list for PBXProject "ChordViewer" */;
			compatibilityVersion = "Xcode 8.0";
			developmentRegion = en;
			hasScannedForEncodings = 0;
			knownRegions = (
				en,
				Base,
			);
			mainGroup = F3359429256A2B7400832551;
			productRefGroup = F3359433256A2B7400832551 /* Products */;
			projectDirPath = "";
			projectRoot = "";
			targets = (
				F3359431256A2B7400832551 /* ChordViewer */,
				F3359447256A2B7D00832551 /* ChordViewerTests */,
				F3359452256A2B7D00832551 /* ChordViewerUITests */,
			);
		};
/* End PBXProject section */

/* Begin PBXResourcesBuildPhase section */
		F3359430256A2B7400832551 /* Resources */ = {
			isa = PBXResourcesBuildPhase;
			buildActionMask = 2147483647;
			files = (
				F3359442256A2B7D00832551 /* LaunchScreen.storyboard in Resources */,
				F335943F256A2B7D00832551 /* Assets.xcassets in Resources */,
				F335943D256A2B7400832551 /* Main.storyboard in Resources */,
			);
			runOnlyForDeploymentPostprocessing = 0;
		};
		F3359446256A2B7D00832551 /* Resources */ = {
			isa = PBXResourcesBuildPhase;
			buildActionMask = 2147483647;
			files = (
			);
			runOnlyForDeploymentPostprocessing = 0;
		};
		F3359451256A2B7D00832551 /* Resources */ = {
			isa = PBXResourcesBuildPhase;
			buildActionMask = 2147483647;
			files = (
			);
			runOnlyForDeploymentPostprocessing = 0;
		};
/* End PBXResourcesBuildPhase section */

/* Begin PBXSourcesBuildPhase section */
		F335942E256A2B7400832551 /* Sources */ = {
			isa = PBXSourcesBuildPhase;
			buildActionMask = 2147483647;
			files = (
				F335943A256A2B7400832551 /* ViewController.swift in Sources */,
				F33A95BF256E3BC20015EFF5 /* test.swift in Sources */,
				F3359436256A2B7400832551 /* AppDelegate.swift in Sources */,
				F3359438256A2B7400832551 /* SceneDelegate.swift in Sources */,
			);
			runOnlyForDeploymentPostprocessing = 0;
		};
		F3359444256A2B7D00832551 /* Sources */ = {
			isa = PBXSourcesBuildPhase;
			buildActionMask = 2147483647;
			files = (
				F335944D256A2B7D00832551 /* ChordViewerTests.swift in Sources */,
			);
			runOnlyForDeploymentPostprocessing = 0;
		};
		F335944F256A2B7D00832551 /* Sources */ = {
			isa = PBXSourcesBuildPhase;
			buildActionMask = 2147483647;
			files = (
				F3359458256A2B7D00832551 /* ChordViewerUITests.swift in Sources */,
			);
			runOnlyForDeploymentPostprocessing = 0;
		};
/* End PBXSourcesBuildPhase section */

/* Begin PBXTargetDependency section */
		F335944A256A2B7D00832551 /* PBXTargetDependency */ = {
			isa = PBXTargetDependency;
			target = F3359431256A2B7400832551 /* ChordViewer */;
			targetProxy = F3359449256A2B7D00832551 /* PBXContainerItemProxy */;
		};
		F3359455256A2B7D00832551 /* PBXTargetDependency */ = {
			isa = PBXTargetDependency;
			target = F3359431256A2B7400832551 /* ChordViewer */;
			targetProxy = F3359454256A2B7D00832551 /* PBXContainerItemProxy */;
		};
/* End PBXTargetDependency section */

/* Begin PBXVariantGroup section */
		F335943B256A2B7400832551 /* Main.storyboard */ = {
			isa = PBXVariantGroup;
			children = (
				F335943C256A2B7400832551 /* Base */,
			);
			name = Main.storyboard;
			sourceTree = "<group>";
		};
		F3359440256A2B7D00832551 /* LaunchScreen.storyboard */ = {
			isa = PBXVariantGroup;
			children = (
				F3359441256A2B7D00832551 /* Base */,
			);
			name = LaunchScreen.storyboard;
			sourceTree = "<group>";
		};
/* End PBXVariantGroup section */

/* Begin XCBuildConfiguration section */
		F335945A256A2B7D00832551 /* Debug */ = {
			isa = XCBuildConfiguration;
			buildSettings = {
				ALWAYS_SEARCH_USER_PATHS = NO;
				CLANG_ANALYZER_NONNULL = YES;
				CLANG_ANALYZER_NUMBER_OBJECT_CONVERSION = YES_AGGRESSIVE;
				CLANG_CXX_LANGUAGE_STANDARD = "gnu++14";
				CLANG_CXX_LIBRARY = "libc++";
				CLANG_ENABLE_MODULES = YES;
				CLANG_ENABLE_OBJC_ARC = YES;
				CLANG_ENABLE_OBJC_WEAK = YES;
				CLANG_WARN_BLOCK_CAPTURE_AUTORELEASING = YES;
				CLANG_WARN_BOOL_CONVERSION = YES;
				CLANG_WARN_COMMA = YES;
				CLANG_WARN_CONSTANT_CONVERSION = YES;
				CLANG_WARN_DEPRECATED_OBJC_IMPLEMENTATIONS = YES;
				CLANG_WARN_DIRECT_OBJC_ISA_USAGE = YES_ERROR;
				CLANG_WARN_DOCUMENTATION_COMMENTS = YES;
				CLANG_WARN_EMPTY_BODY = YES;
				CLANG_WARN_ENUM_CONVERSION = YES;
				CLANG_WARN_INFINITE_RECURSION = YES;
				CLANG_WARN_INT_CONVERSION = YES;
				CLANG_WARN_NON_LITERAL_NULL_CONVERSION = YES;
				CLANG_WARN_OBJC_IMPLICIT_RETAIN_SELF = YES;
				CLANG_WARN_OBJC_LITERAL_CONVERSION = YES;
				CLANG_WARN_OBJC_ROOT_CLASS = YES_ERROR;
				CLANG_WARN_QUOTED_INCLUDE_IN_FRAMEWORK_HEADER = YES;
				CLANG_WARN_RANGE_LOOP_ANALYSIS = YES;
				CLANG_WARN_STRICT_PROTOTYPES = YES;
				CLANG_WARN_SUSPICIOUS_MOVE = YES;
				CLANG_WARN_UNGUARDED_AVAILABILITY = YES_AGGRESSIVE;
				CLANG_WARN_UNREACHABLE_CODE = YES;
				CLANG_WARN__DUPLICATE_METHOD_MATCH = YES;
				COPY_PHASE_STRIP = NO;
				DEBUG_INFORMATION_FORMAT = dwarf;
				ENABLE_STRICT_OBJC_MSGSEND = YES;
				ENABLE_TESTABILITY = YES;
				GCC_C_LANGUAGE_STANDARD = gnu11;
				GCC_DYNAMIC_NO_PIC = NO;
				GCC_NO_COMMON_BLOCKS = YES;
				GCC_OPTIMIZATION_LEVEL = 0;
				GCC_PREPROCESSOR_DEFINITIONS = (
					"DEBUG=1",
					"$(inherited)",
				);
				GCC_WARN_64_TO_32_BIT_CONVERSION = YES;
				GCC_WARN_ABOUT_RETURN_TYPE = YES_ERROR;
				GCC_WARN_UNDECLARED_SELECTOR = YES;
				GCC_WARN_UNINITIALIZED_AUTOS = YES_AGGRESSIVE;
				GCC_WARN_UNUSED_FUNCTION = YES;
				GCC_WARN_UNUSED_VARIABLE = YES;
				IPHONEOS_DEPLOYMENT_TARGET = 13.0;
				MTL_ENABLE_DEBUG_INFO = INCLUDE_SOURCE;
				MTL_FAST_MATH = YES;
				ONLY_ACTIVE_ARCH = YES;
				SDKROOT = iphoneos;
				SWIFT_ACTIVE_COMPILATION_CONDITIONS = DEBUG;
				SWIFT_OPTIMIZATION_LEVEL = "-Onone";
			};
			name = Debug;
		};
		F335945B256A2B7D00832551 /* Release */ = {
			isa = XCBuildConfiguration;
			buildSettings = {
				ALWAYS_SEARCH_USER_PATHS = NO;
				CLANG_ANALYZER_NONNULL = YES;
				CLANG_ANALYZER_NUMBER_OBJECT_CONVERSION = YES_AGGRESSIVE;
				CLANG_CXX_LANGUAGE_STANDARD = "gnu++14";
				CLANG_CXX_LIBRARY = "libc++";
				CLANG_ENABLE_MODULES = YES;
				CLANG_ENABLE_OBJC_ARC = YES;
				CLANG_ENABLE_OBJC_WEAK = YES;
				CLANG_WARN_BLOCK_CAPTURE_AUTORELEASING = YES;
				CLANG_WARN_BOOL_CONVERSION = YES;
				CLANG_WARN_COMMA = YES;
				CLANG_WARN_CONSTANT_CONVERSION = YES;
				CLANG_WARN_DEPRECATED_OBJC_IMPLEMENTATIONS = YES;
				CLANG_WARN_DIRECT_OBJC_ISA_USAGE = YES_ERROR;
				CLANG_WARN_DOCUMENTATION_COMMENTS = YES;
				CLANG_WARN_EMPTY_BODY = YES;
				CLANG_WARN_ENUM_CONVERSION = YES;
				CLANG_WARN_INFINITE_RECURSION = YES;
				CLANG_WARN_INT_CONVERSION = YES;
				CLANG_WARN_NON_LITERAL_NULL_CONVERSION = YES;
				CLANG_WARN_OBJC_IMPLICIT_RETAIN_SELF = YES;
				CLANG_WARN_OBJC_LITERAL_CONVERSION = YES;
				CLANG_WARN_OBJC_ROOT_CLASS = YES_ERROR;
				CLANG_WARN_QUOTED_INCLUDE_IN_FRAMEWORK_HEADER = YES;
				CLANG_WARN_RANGE_LOOP_ANALYSIS = YES;
				CLANG_WARN_STRICT_PROTOTYPES = YES;
				CLANG_WARN_SUSPICIOUS_MOVE = YES;
				CLANG_WARN_UNGUARDED_AVAILABILITY = YES_AGGRESSIVE;
				CLANG_WARN_UNREACHABLE_CODE = YES;
				CLANG_WARN__DUPLICATE_METHOD_MATCH = YES;
				COPY_PHASE_STRIP = NO;
				DEBUG_INFORMATION_FORMAT = "dwarf-with-dsym";
				ENABLE_NS_ASSERTIONS = NO;
				ENABLE_STRICT_OBJC_MSGSEND = YES;
				GCC_C_LANGUAGE_STANDARD = gnu11;
				GCC_NO_COMMON_BLOCKS = YES;
				GCC_WARN_64_TO_32_BIT_CONVERSION = YES;
				GCC_WARN_ABOUT_RETURN_TYPE = YES_ERROR;
				GCC_WARN_UNDECLARED_SELECTOR = YES;
				GCC_WARN_UNINITIALIZED_AUTOS = YES_AGGRESSIVE;
				GCC_WARN_UNUSED_FUNCTION = YES;
				GCC_WARN_UNUSED_VARIABLE = YES;
				IPHONEOS_DEPLOYMENT_TARGET = 13.0;
				MTL_ENABLE_DEBUG_INFO = NO;
				MTL_FAST_MATH = YES;
				SDKROOT = iphoneos;
				SWIFT_OPTIMIZATION_LEVEL = "-Owholemodule";
				VALIDATE_PRODUCT = YES;
			};
			name = Release;
		};
		F335945D256A2B7D00832551 /* Debug */ = {
			isa = XCBuildConfiguration;
			buildSettings = {
				ASSETCATALOG_COMPILER_APPICON_NAME = AppIcon;
				ASSETCATALOG_COMPILER_GLOBAL_ACCENT_COLOR_NAME = AccentColor;
				CODE_SIGN_IDENTITY = "Apple Development";
				CODE_SIGN_STYLE = Manual;
				DEVELOPMENT_TEAM = "";
				INFOPLIST_FILE = ChordViewer/Info.plist;
				LD_RUNPATH_SEARCH_PATHS = "$(inherited) @executable_path/Frameworks";
				PRODUCT_BUNDLE_IDENTIFIER = Blokblokovich.ChordViewer;
				PRODUCT_NAME = "$(TARGET_NAME)";
				PROVISIONING_PROFILE_SPECIFIER = "";
				SWIFT_VERSION = 5.0;
				TARGETED_DEVICE_FAMILY = "1,2";
			};
			name = Debug;
		};
		F335945E256A2B7D00832551 /* Release */ = {
			isa = XCBuildConfiguration;
			buildSettings = {
				ASSETCATALOG_COMPILER_APPICON_NAME = AppIcon;
				ASSETCATALOG_COMPILER_GLOBAL_ACCENT_COLOR_NAME = AccentColor;
				CODE_SIGN_IDENTITY = "Apple Development";
				CODE_SIGN_STYLE = Manual;
				DEVELOPMENT_TEAM = "";
				INFOPLIST_FILE = ChordViewer/Info.plist;
				LD_RUNPATH_SEARCH_PATHS = "$(inherited) @executable_path/Frameworks";
				PRODUCT_BUNDLE_IDENTIFIER = Blokblokovich.ChordViewer;
				PRODUCT_NAME = "$(TARGET_NAME)";
				PROVISIONING_PROFILE_SPECIFIER = "";
				SWIFT_VERSION = 5.0;
				TARGETED_DEVICE_FAMILY = "1,2";
			};
			name = Release;
		};
		F3359460256A2B7D00832551 /* Debug */ = {
			isa = XCBuildConfiguration;
			buildSettings = {
				ALWAYS_EMBED_SWIFT_STANDARD_LIBRARIES = YES;
				BUNDLE_LOADER = "$(TEST_HOST)";
				CODE_SIGN_STYLE = Automatic;
				INFOPLIST_FILE = ChordViewerTests/Info.plist;
				IPHONEOS_DEPLOYMENT_TARGET = 14.2;
				LD_RUNPATH_SEARCH_PATHS = "$(inherited) @executable_path/Frameworks @loader_path/Frameworks";
				PRODUCT_BUNDLE_IDENTIFIER = Blokblokovich.ChordViewerTests;
				PRODUCT_NAME = "$(TARGET_NAME)";
				SWIFT_VERSION = 5.0;
				TARGETED_DEVICE_FAMILY = "1,2";
				TEST_HOST = "$(BUILT_PRODUCTS_DIR)/ChordViewer.app/ChordViewer";
			};
			name = Debug;
		};
		F3359461256A2B7D00832551 /* Release */ = {
			isa = XCBuildConfiguration;
			buildSettings = {
				ALWAYS_EMBED_SWIFT_STANDARD_LIBRARIES = YES;
				BUNDLE_LOADER = "$(TEST_HOST)";
				CODE_SIGN_STYLE = Automatic;
				INFOPLIST_FILE = ChordViewerTests/Info.plist;
				IPHONEOS_DEPLOYMENT_TARGET = 14.2;
				LD_RUNPATH_SEARCH_PATHS = "$(inherited) @executable_path/Frameworks @loader_path/Frameworks";
				PRODUCT_BUNDLE_IDENTIFIER = Blokblokovich.ChordViewerTests;
				PRODUCT_NAME = "$(TARGET_NAME)";
				SWIFT_VERSION = 5.0;
				TARGETED_DEVICE_FAMILY = "1,2";
				TEST_HOST = "$(BUILT_PRODUCTS_DIR)/ChordViewer.app/ChordViewer";
			};
			name = Release;
		};
		F3359463256A2B7D00832551 /* Debug */ = {
			isa = XCBuildConfiguration;
			buildSettings = {
				ALWAYS_EMBED_SWIFT_STANDARD_LIBRARIES = YES;
				CODE_SIGN_STYLE = Automatic;
				INFOPLIST_FILE = ChordViewerUITests/Info.plist;
				LD_RUNPATH_SEARCH_PATHS = "$(inherited) @executable_path/Frameworks @loader_path/Frameworks";
				PRODUCT_BUNDLE_IDENTIFIER = Blokblokovich.ChordViewerUITests;
				PRODUCT_NAME = "$(TARGET_NAME)";
				SWIFT_VERSION = 5.0;
				TARGETED_DEVICE_FAMILY = "1,2";
				TEST_TARGET_NAME = ChordViewer;
			};
			name = Debug;
		};
		F3359464256A2B7D00832551 /* Release */ = {
			isa = XCBuildConfiguration;
			buildSettings = {
				ALWAYS_EMBED_SWIFT_STANDARD_LIBRARIES = YES;
				CODE_SIGN_STYLE = Automatic;
				INFOPLIST_FILE = ChordViewerUITests/Info.plist;
				LD_RUNPATH_SEARCH_PATHS = "$(inherited) @executable_path/Frameworks @loader_path/Frameworks";
				PRODUCT_BUNDLE_IDENTIFIER = Blokblokovich.ChordViewerUITests;
				PRODUCT_NAME = "$(TARGET_NAME)";
				SWIFT_VERSION = 5.0;
				TARGETED_DEVICE_FAMILY = "1,2";
				TEST_TARGET_NAME = ChordViewer;
			};
			name = Release;
		};
/* End XCBuildConfiguration section */

/* Begin XCConfigurationList section */
		F335942D256A2B7400832551 /* Build configuration list for PBXProject "ChordViewer" */ = {
			isa = XCConfigurationList;
			buildConfigurations = (
				F335945A256A2B7D00832551 /* Debug */,
				F335945B256A2B7D00832551 /* Release */,
			);
			defaultConfigurationIsVisible = 0;
			defaultConfigurationName = Release;
		};
		F335945C256A2B7D00832551 /* Build configuration list for PBXNativeTarget "ChordViewer" */ = {
			isa = XCConfigurationList;
			buildConfigurations = (
				F335945D256A2B7D00832551 /* Debug */,
				F335945E256A2B7D00832551 /* Release */,
			);
			defaultConfigurationIsVisible = 0;
			defaultConfigurationName = Release;
		};
		F335945F256A2B7D00832551 /* Build configuration list for PBXNativeTarget "ChordViewerTests" */ = {
			isa = XCConfigurationList;
			buildConfigurations = (
				F3359460256A2B7D00832551 /* Debug */,
				F3359461256A2B7D00832551 /* Release */,
			);
			defaultConfigurationIsVisible = 0;
			defaultConfigurationName = Release;
		};
		F3359462256A2B7D00832551 /* Build configuration list for PBXNativeTarget "ChordViewerUITests" */ = {
			isa = XCConfigurationList;
			buildConfigurations = (
				F3359463256A2B7D00832551 /* Debug */,
				F3359464256A2B7D00832551 /* Release */,
			);
			defaultConfigurationIsVisible = 0;
			defaultConfigurationName = Release;
		};
/* End XCConfigurationList section */
	};
	rootObject = F335942A256A2B7400832551 /* Project object */;
}
